
Microsoft Visual Studio Solution File, Format Version 12.00
# Visual Studio Version 17
VisualStudioVersion = 17.8.34316.72
MinimumVisualStudioVersion = 10.0.40219.1
Project("{FAE04EC0-301F-11D3-BF4B-00C04F79EFBC}") = "ClasTech.Teste.Service", "ClasTech.Teste.Service.csproj", "{03DB13F2-0D9A-405E-8C4C-A3595D73A5FB}"
EndProject
Project("{FAE04EC0-301F-11D3-BF4B-00C04F79EFBC}") = "ClasTech.Teste.Tests", "..\ClasTech.Teste.Tests\ClasTech.Teste.Tests.csproj", "{8EBCC23D-E443-4DE4-B6D5-2D741303EACC}"
EndProject
Global
	GlobalSection(SolutionConfigurationPlatforms) = preSolution
		Debug|Any CPU = Debug|Any CPU
		Release|Any CPU = Release|Any CPU
	EndGlobalSection
	GlobalSection(ProjectConfigurationPlatforms) = postSolution
		{03DB13F2-0D9A-405E-8C4C-A3595D73A5FB}.Debug|Any CPU.ActiveCfg = Debug|Any CPU
		{03DB13F2-0D9A-405E-8C4C-A3595D73A5FB}.Debug|Any CPU.Build.0 = Debug|Any CPU
		{03DB13F2-0D9A-405E-8C4C-A3595D73A5FB}.Release|Any CPU.ActiveCfg = Release|Any CPU
		{03DB13F2-0D9A-405E-8C4C-A3595D73A5FB}.Release|Any CPU.Build.0 = Release|Any CPU
		{8EBCC23D-E443-4DE4-B6D5-2D741303EACC}.Debug|Any CPU.ActiveCfg = Debug|Any CPU
		{8EBCC23D-E443-4DE4-B6D5-2D741303EACC}.Debug|Any CPU.Build.0 = Debug|Any CPU
		{8EBCC23D-E443-4DE4-B6D5-2D741303EACC}.Release|Any CPU.ActiveCfg = Release|Any CPU
		{8EBCC23D-E443-4DE4-B6D5-2D741303EACC}.Release|Any CPU.Build.0 = Release|Any CPU
	EndGlobalSection
	GlobalSection(SolutionProperties) = preSolution
		HideSolutionNode = FALSE
	EndGlobalSection
	GlobalSection(ExtensibilityGlobals) = postSolution
		SolutionGuid = {500D3AD5-2B11-4AB2-980E-9EED9A87EA35}
	EndGlobalSection
EndGlobal
