
Microsoft Visual Studio Solution File, Format Version 12.00
# Visual Studio Version 17
VisualStudioVersion = 17.8.34316.72
MinimumVisualStudioVersion = 10.0.40219.1
Project("{9A19103F-16F7-4668-BE54-9A1E7A4F7556}") = "ClasTech.Teste", "ClasTech.Teste.csproj", "{0F89F7FF-D31F-424E-A830-B1920A9CF9D3}"
EndProject
Project("{9A19103F-16F7-4668-BE54-9A1E7A4F7556}") = "ClasTech.Teste.Models", "..\ClasTech.Teste.Models\ClasTech.Teste.Models.csproj", "{5A85BF1B-AFF8-4656-AD96-99CD7FDCB3C0}"
EndProject
Project("{9A19103F-16F7-4668-BE54-9A1E7A4F7556}") = "ClasTech.Teste.Service", "..\ClasTech.Teste.Service\ClasTech.Teste.Service.csproj", "{A71A713E-6D41-491B-A5A4-757E73469719}"
EndProject
Project("{9A19103F-16F7-4668-BE54-9A1E7A4F7556}") = "ClasTech.Teste.Business.Entities", "..\ClasTech.Teste.Business.Entities\ClasTech.Teste.Business.Entities.csproj", "{19234A1E-45BF-4C31-A665-5D7444752B67}"
EndProject
Project("{9A19103F-16F7-4668-BE54-9A1E7A4F7556}") = "ClasTech.Teste.Business.Logic", "..\ClasTech.Teste.Business.Logic\ClasTech.Teste.Business.Logic.csproj", "{5BF192BC-B8EB-4123-901B-ACB1581B31C0}"
EndProject
Project("{FAE04EC0-301F-11D3-BF4B-00C04F79EFBC}") = "ClasTech.Teste.Tests", "..\ClasTech.Teste.Tests\ClasTech.Teste.Tests.csproj", "{12C5AF87-970F-4820-AE5F-C6508182189C}"
EndProject
Global
	GlobalSection(SolutionConfigurationPlatforms) = preSolution
		Debug|Any CPU = Debug|Any CPU
		Release|Any CPU = Release|Any CPU
	EndGlobalSection
	GlobalSection(ProjectConfigurationPlatforms) = postSolution
		{0F89F7FF-D31F-424E-A830-B1920A9CF9D3}.Debug|Any CPU.ActiveCfg = Debug|Any CPU
		{0F89F7FF-D31F-424E-A830-B1920A9CF9D3}.Debug|Any CPU.Build.0 = Debug|Any CPU
		{0F89F7FF-D31F-424E-A830-B1920A9CF9D3}.Release|Any CPU.ActiveCfg = Release|Any CPU
		{0F89F7FF-D31F-424E-A830-B1920A9CF9D3}.Release|Any CPU.Build.0 = Release|Any CPU
		{5A85BF1B-AFF8-4656-AD96-99CD7FDCB3C0}.Debug|Any CPU.ActiveCfg = Debug|Any CPU
		{5A85BF1B-AFF8-4656-AD96-99CD7FDCB3C0}.Debug|Any CPU.Build.0 = Debug|Any CPU
		{5A85BF1B-AFF8-4656-AD96-99CD7FDCB3C0}.Release|Any CPU.ActiveCfg = Release|Any CPU
		{5A85BF1B-AFF8-4656-AD96-99CD7FDCB3C0}.Release|Any CPU.Build.0 = Release|Any CPU
		{A71A713E-6D41-491B-A5A4-757E73469719}.Debug|Any CPU.ActiveCfg = Debug|Any CPU
		{A71A713E-6D41-491B-A5A4-757E73469719}.Debug|Any CPU.Build.0 = Debug|Any CPU
		{A71A713E-6D41-491B-A5A4-757E73469719}.Release|Any CPU.ActiveCfg = Release|Any CPU
		{A71A713E-6D41-491B-A5A4-757E73469719}.Release|Any CPU.Build.0 = Release|Any CPU
		{19234A1E-45BF-4C31-A665-5D7444752B67}.Debug|Any CPU.ActiveCfg = Debug|Any CPU
		{19234A1E-45BF-4C31-A665-5D7444752B67}.Debug|Any CPU.Build.0 = Debug|Any CPU
		{19234A1E-45BF-4C31-A665-5D7444752B67}.Release|Any CPU.ActiveCfg = Release|Any CPU
		{19234A1E-45BF-4C31-A665-5D7444752B67}.Release|Any CPU.Build.0 = Release|Any CPU
		{5BF192BC-B8EB-4123-901B-ACB1581B31C0}.Debug|Any CPU.ActiveCfg = Debug|Any CPU
		{5BF192BC-B8EB-4123-901B-ACB1581B31C0}.Debug|Any CPU.Build.0 = Debug|Any CPU
		{5BF192BC-B8EB-4123-901B-ACB1581B31C0}.Release|Any CPU.ActiveCfg = Release|Any CPU
		{5BF192BC-B8EB-4123-901B-ACB1581B31C0}.Release|Any CPU.Build.0 = Release|Any CPU
		{12C5AF87-970F-4820-AE5F-C6508182189C}.Debug|Any CPU.ActiveCfg = Debug|Any CPU
		{12C5AF87-970F-4820-AE5F-C6508182189C}.Debug|Any CPU.Build.0 = Debug|Any CPU
		{12C5AF87-970F-4820-AE5F-C6508182189C}.Release|Any CPU.ActiveCfg = Release|Any CPU
		{12C5AF87-970F-4820-AE5F-C6508182189C}.Release|Any CPU.Build.0 = Release|Any CPU
	EndGlobalSection
	GlobalSection(SolutionProperties) = preSolution
		HideSolutionNode = FALSE
	EndGlobalSection
	GlobalSection(ExtensibilityGlobals) = postSolution
		SolutionGuid = {88EDC149-DC32-461F-823B-676AC9F806B8}
	EndGlobalSection
EndGlobal
